
Microsoft Visual Studio Solution File, Format Version 12.00
Project("{FAE04EC0-301F-11D3-BF4B-00C04F79EFBC}") = "CrossDrop", "CrossDrop\CrossDrop.csproj", "{6C257A82-EF5A-4ACC-B5EA-7C4A7BF491C7}"
EndProject
Global
	GlobalSection(SolutionConfigurationPlatforms) = preSolution
		Debug|Any CPU = Debug|Any CPU
		Release|Any CPU = Release|Any CPU
	EndGlobalSection
	GlobalSection(ProjectConfigurationPlatforms) = postSolution
		{6C257A82-EF5A-4ACC-B5EA-7C4A7BF491C7}.Debug|Any CPU.ActiveCfg = Debug|Any CPU
		{6C257A82-EF5A-4ACC-B5EA-7C4A7BF491C7}.Debug|Any CPU.Build.0 = Debug|Any CPU
		{6C257A82-EF5A-4ACC-B5EA-7C4A7BF491C7}.Release|Any CPU.ActiveCfg = Release|Any CPU
		{6C257A82-EF5A-4ACC-B5EA-7C4A7BF491C7}.Release|Any CPU.Build.0 = Release|Any CPU
	EndGlobalSection
EndGlobal
